
Microsoft Visual Studio Solution File, Format Version 12.00
# Visual Studio 15
VisualStudioVersion = 15.0.27130.2036
MinimumVisualStudioVersion = 10.0.40219.1
Project("{FAE04EC0-301F-11D3-BF4B-00C04F79EFBC}") = "diploma", "diploma\diploma.csproj", "{52189DFA-7ABD-4937-B23D-1E1ED92EC8E3}"
EndProject
Global
	GlobalSection(SolutionConfigurationPlatforms) = preSolution
		Debug|Any CPU = Debug|Any CPU
		Release|Any CPU = Release|Any CPU
	EndGlobalSection
	GlobalSection(ProjectConfigurationPlatforms) = postSolution
		{52189DFA-7ABD-4937-B23D-1E1ED92EC8E3}.Debug|Any CPU.ActiveCfg = Debug|Any CPU
		{52189DFA-7ABD-4937-B23D-1E1ED92EC8E3}.Debug|Any CPU.Build.0 = Debug|Any CPU
		{52189DFA-7ABD-4937-B23D-1E1ED92EC8E3}.Release|Any CPU.ActiveCfg = Release|Any CPU
		{52189DFA-7ABD-4937-B23D-1E1ED92EC8E3}.Release|Any CPU.Build.0 = Release|Any CPU
	EndGlobalSection
	GlobalSection(SolutionProperties) = preSolution
		HideSolutionNode = FALSE
	EndGlobalSection
	GlobalSection(ExtensibilityGlobals) = postSolution
		SolutionGuid = {434C3ABB-3DD4-448B-B5B7-C5F90E93F7B7}
	EndGlobalSection
EndGlobal
